
Microsoft Visual Studio Solution File, Format Version 12.00
# Visual Studio Version 16
VisualStudioVersion = 16.0.33423.256
MinimumVisualStudioVersion = 10.0.40219.1
Project("{FAE04EC0-301F-11D3-BF4B-00C04F79EFBC}") = "WinFormsApp1", "WinFormsApp1\WinFormsApp1.csproj", "{B0F88785-C999-4BA1-9731-E2F23799C852}"
EndProject
Global
	GlobalSection(SolutionConfigurationPlatforms) = preSolution
		Debug|Any CPU = Debug|Any CPU
		Release|Any CPU = Release|Any CPU
	EndGlobalSection
	GlobalSection(ProjectConfigurationPlatforms) = postSolution
		{B0F88785-C999-4BA1-9731-E2F23799C852}.Debug|Any CPU.ActiveCfg = Debug|Any CPU
		{B0F88785-C999-4BA1-9731-E2F23799C852}.Debug|Any CPU.Build.0 = Debug|Any CPU
		{B0F88785-C999-4BA1-9731-E2F23799C852}.Release|Any CPU.ActiveCfg = Release|Any CPU
		{B0F88785-C999-4BA1-9731-E2F23799C852}.Release|Any CPU.Build.0 = Release|Any CPU
	EndGlobalSection
	GlobalSection(SolutionProperties) = preSolution
		HideSolutionNode = FALSE
	EndGlobalSection
	GlobalSection(ExtensibilityGlobals) = postSolution
		SolutionGuid = {F88FBC80-E6A8-4D60-A6C1-FFCFD1CA2C1D}
	EndGlobalSection
EndGlobal
